
Microsoft Visual Studio Solution File, Format Version 11.00
# Visual Studio 2010
Project("{FAE04EC0-301F-11D3-BF4B-00C04F79EFBC}") = "UnityEngine.TestRunner", "UnityEngine.TestRunner.csproj", "{c1dfe0de-336e-e88e-d7ad-12c2a0689ac8}"
EndProject
Project("{FAE04EC0-301F-11D3-BF4B-00C04F79EFBC}") = "Unity.VisualScripting.Flow", "Unity.VisualScripting.Flow.csproj", "{fe2a5817-0041-c45e-ac3c-9d4c9f249754}"
EndProject
Project("{FAE04EC0-301F-11D3-BF4B-00C04F79EFBC}") = "Unity.Services.Core.Telemetry", "Unity.Services.Core.Telemetry.csproj", "{13513204-b196-31bd-b113-ab6d90f76752}"
EndProject
Project("{FAE04EC0-301F-11D3-BF4B-00C04F79EFBC}") = "Unity.VisualScripting.State", "Unity.VisualScripting.State.csproj", "{4990882e-23ea-326d-b7c9-e1dd17cd5dc0}"
EndProject
Project("{FAE04EC0-301F-11D3-BF4B-00C04F79EFBC}") = "Unity.VisualScripting.Core", "Unity.VisualScripting.Core.csproj", "{2dc8bccd-f913-1ae2-6ccb-dc610597d20b}"
EndProject
Project("{FAE04EC0-301F-11D3-BF4B-00C04F79EFBC}") = "Unity.Services.Core.Environments.Internal", "Unity.Services.Core.Environments.Internal.csproj", "{4f0f3ce1-a9a5-519c-cb85-4e43aefda062}"
EndProject
Project("{FAE04EC0-301F-11D3-BF4B-00C04F79EFBC}") = "Unity.TextMeshPro", "Unity.TextMeshPro.csproj", "{220d1a96-c09d-1647-7818-51c57f413641}"
EndProject
Project("{FAE04EC0-301F-11D3-BF4B-00C04F79EFBC}") = "Unity.Timeline", "Unity.Timeline.csproj", "{f58976c6-4156-a22c-d63d-843cf8808459}"
EndProject
Project("{FAE04EC0-301F-11D3-BF4B-00C04F79EFBC}") = "Unity.Services.Core", "Unity.Services.Core.csproj", "{9f8e9f89-8679-ce2b-017d-fa01961dcda3}"
EndProject
Project("{FAE04EC0-301F-11D3-BF4B-00C04F79EFBC}") = "Unity.Services.Core.Environments", "Unity.Services.Core.Environments.csproj", "{18196662-94f4-8a01-0e00-2fd8f1091e87}"
EndProject
Project("{FAE04EC0-301F-11D3-BF4B-00C04F79EFBC}") = "Unity.Services.Core.Internal", "Unity.Services.Core.Internal.csproj", "{6563dfaf-3d34-b1ab-00e3-35908aa303b9}"
EndProject
Project("{FAE04EC0-301F-11D3-BF4B-00C04F79EFBC}") = "Unity.Services.Core.Analytics", "Unity.Services.Core.Analytics.csproj", "{5054d3bd-2d82-072b-de42-84ca8de2613f}"
EndProject
Project("{FAE04EC0-301F-11D3-BF4B-00C04F79EFBC}") = "Unity.Services.Core.Scheduler", "Unity.Services.Core.Scheduler.csproj", "{8f5c2ad6-8443-318c-4b03-f4c58d64276b}"
EndProject
Project("{FAE04EC0-301F-11D3-BF4B-00C04F79EFBC}") = "Unity.Services.Core.Registration", "Unity.Services.Core.Registration.csproj", "{951b3c73-ea4d-679d-2f9a-469b5e95989d}"
EndProject
Project("{FAE04EC0-301F-11D3-BF4B-00C04F79EFBC}") = "Unity.Services.Core.Device", "Unity.Services.Core.Device.csproj", "{d038fd8c-8c7c-cdac-78d7-34fff4c89fae}"
EndProject
Project("{FAE04EC0-301F-11D3-BF4B-00C04F79EFBC}") = "Unity.Services.Core.Threading", "Unity.Services.Core.Threading.csproj", "{2ddf312c-765d-501b-31dd-b53a85421a60}"
EndProject
Project("{FAE04EC0-301F-11D3-BF4B-00C04F79EFBC}") = "Unity.Services.Core.Networking", "Unity.Services.Core.Networking.csproj", "{f808fd4f-73a4-2c17-332c-882211470781}"
EndProject
Project("{FAE04EC0-301F-11D3-BF4B-00C04F79EFBC}") = "Unity.Services.Core.Configuration", "Unity.Services.Core.Configuration.csproj", "{545fc5f0-7b91-98a7-5988-f8ce636906a3}"
EndProject
Project("{FAE04EC0-301F-11D3-BF4B-00C04F79EFBC}") = "Unity.PlasticSCM.Editor", "Unity.PlasticSCM.Editor.csproj", "{7caf49a0-bff4-5c04-eca9-eee6e58b0e78}"
EndProject
Project("{FAE04EC0-301F-11D3-BF4B-00C04F79EFBC}") = "Unity.VisualScripting.Core.Editor", "Unity.VisualScripting.Core.Editor.csproj", "{9990ce74-d6f0-3f24-6523-446c72d5b9bd}"
EndProject
Project("{FAE04EC0-301F-11D3-BF4B-00C04F79EFBC}") = "Unity.VisualScripting.Flow.Editor", "Unity.VisualScripting.Flow.Editor.csproj", "{444e9f38-8d97-e9fc-f282-186c3a853a06}"
EndProject
Project("{FAE04EC0-301F-11D3-BF4B-00C04F79EFBC}") = "Unity.VisualStudio.Editor", "Unity.VisualStudio.Editor.csproj", "{2550b4a5-0962-b7f5-39d0-03f37143b947}"
EndProject
Project("{FAE04EC0-301F-11D3-BF4B-00C04F79EFBC}") = "Unity.Timeline.Editor", "Unity.Timeline.Editor.csproj", "{1fc96fd1-a08b-3af5-6b5a-7ee2ba799150}"
EndProject
Project("{FAE04EC0-301F-11D3-BF4B-00C04F79EFBC}") = "Unity.VisualScripting.State.Editor", "Unity.VisualScripting.State.Editor.csproj", "{0477ccfa-ff00-6b98-1487-ba5a9f43d264}"
EndProject
Project("{FAE04EC0-301F-11D3-BF4B-00C04F79EFBC}") = "Unity.TextMeshPro.Editor", "Unity.TextMeshPro.Editor.csproj", "{0cc02d56-1ad3-dfb9-ff5f-aa1e243e836e}"
EndProject
Project("{FAE04EC0-301F-11D3-BF4B-00C04F79EFBC}") = "Unity.VisualScripting.SettingsProvider.Editor", "Unity.VisualScripting.SettingsProvider.Editor.csproj", "{a66089af-3c7c-4a35-c1d1-0d1aea1c183e}"
EndProject
Project("{FAE04EC0-301F-11D3-BF4B-00C04F79EFBC}") = "Unity.CollabProxy.Editor", "Unity.CollabProxy.Editor.csproj", "{91c81959-e64f-6372-04ce-3e2fb2f8ab3c}"
EndProject
Project("{FAE04EC0-301F-11D3-BF4B-00C04F79EFBC}") = "UnityEditor.TestRunner", "UnityEditor.TestRunner.csproj", "{d3fe6038-9c50-1c92-e340-c17276ab5a3e}"
EndProject
Project("{FAE04EC0-301F-11D3-BF4B-00C04F79EFBC}") = "Unity.Services.Core.Editor", "Unity.Services.Core.Editor.csproj", "{c0b8cddf-089c-96fe-e91c-d721ca12932f}"
EndProject
Project("{FAE04EC0-301F-11D3-BF4B-00C04F79EFBC}") = "Unity.Rider.Editor", "Unity.Rider.Editor.csproj", "{8b45f72e-5225-0467-0662-787b63777c02}"
EndProject
Project("{FAE04EC0-301F-11D3-BF4B-00C04F79EFBC}") = "Unity.VSCode.Editor", "Unity.VSCode.Editor.csproj", "{7a7f329c-4e01-0a9a-f897-b5bed590c77b}"
EndProject
Project("{FAE04EC0-301F-11D3-BF4B-00C04F79EFBC}") = "Unity.Services.Core.Configuration.Editor", "Unity.Services.Core.Configuration.Editor.csproj", "{0865d08a-e8e6-cb68-445c-4029e8fa4892}"
EndProject
Project("{FAE04EC0-301F-11D3-BF4B-00C04F79EFBC}") = "Unity.VisualScripting.Shared.Editor", "Unity.VisualScripting.Shared.Editor.csproj", "{d81cfd59-4466-59c7-b8f7-949f93d4ca73}"
EndProject
Project("{FAE04EC0-301F-11D3-BF4B-00C04F79EFBC}") = "Assembly-CSharp", "Assembly-CSharp.csproj", "{f156d78d-5ebd-df34-5995-856b6cc67fb5}"
EndProject
Project("{FAE04EC0-301F-11D3-BF4B-00C04F79EFBC}") = "Assembly-CSharp-Editor", "Assembly-CSharp-Editor.csproj", "{87db7c84-fb7a-022a-34b7-815bcc6dbacf}"
EndProject
Project("{FAE04EC0-301F-11D3-BF4B-00C04F79EFBC}") = "Unity.TextMeshPro.Tests", "Unity.TextMeshPro.Tests.csproj", "{1ab58ec8-b595-b0dc-cf17-ce52860e4929}"
EndProject
Project("{FAE04EC0-301F-11D3-BF4B-00C04F79EFBC}") = "DocCodeExamples", "DocCodeExamples.csproj", "{7c1929a5-46c1-2858-1709-4dd5f1ae44a9}"
EndProject
Project("{FAE04EC0-301F-11D3-BF4B-00C04F79EFBC}") = "Unity.TextMeshPro.Editor.Tests", "Unity.TextMeshPro.Editor.Tests.csproj", "{60fa6b9a-d7f9-f1ba-3f8c-15cf59235c39}"
EndProject
Global
	GlobalSection(SolutionConfigurationPlatforms) = preSolution
		Debug|Any CPU = Debug|Any CPU
	EndGlobalSection
	GlobalSection(ProjectConfigurationPlatforms) = postSolution
		{c1dfe0de-336e-e88e-d7ad-12c2a0689ac8}.Debug|Any CPU.ActiveCfg = Debug|Any CPU
		{c1dfe0de-336e-e88e-d7ad-12c2a0689ac8}.Debug|Any CPU.Build.0 = Debug|Any CPU
		{fe2a5817-0041-c45e-ac3c-9d4c9f249754}.Debug|Any CPU.ActiveCfg = Debug|Any CPU
		{fe2a5817-0041-c45e-ac3c-9d4c9f249754}.Debug|Any CPU.Build.0 = Debug|Any CPU
		{13513204-b196-31bd-b113-ab6d90f76752}.Debug|Any CPU.ActiveCfg = Debug|Any CPU
		{13513204-b196-31bd-b113-ab6d90f76752}.Debug|Any CPU.Build.0 = Debug|Any CPU
		{4990882e-23ea-326d-b7c9-e1dd17cd5dc0}.Debug|Any CPU.ActiveCfg = Debug|Any CPU
		{4990882e-23ea-326d-b7c9-e1dd17cd5dc0}.Debug|Any CPU.Build.0 = Debug|Any CPU
		{2dc8bccd-f913-1ae2-6ccb-dc610597d20b}.Debug|Any CPU.ActiveCfg = Debug|Any CPU
		{2dc8bccd-f913-1ae2-6ccb-dc610597d20b}.Debug|Any CPU.Build.0 = Debug|Any CPU
		{4f0f3ce1-a9a5-519c-cb85-4e43aefda062}.Debug|Any CPU.ActiveCfg = Debug|Any CPU
		{4f0f3ce1-a9a5-519c-cb85-4e43aefda062}.Debug|Any CPU.Build.0 = Debug|Any CPU
		{220d1a96-c09d-1647-7818-51c57f413641}.Debug|Any CPU.ActiveCfg = Debug|Any CPU
		{220d1a96-c09d-1647-7818-51c57f413641}.Debug|Any CPU.Build.0 = Debug|Any CPU
		{f58976c6-4156-a22c-d63d-843cf8808459}.Debug|Any CPU.ActiveCfg = Debug|Any CPU
		{f58976c6-4156-a22c-d63d-843cf8808459}.Debug|Any CPU.Build.0 = Debug|Any CPU
		{9f8e9f89-8679-ce2b-017d-fa01961dcda3}.Debug|Any CPU.ActiveCfg = Debug|Any CPU
		{9f8e9f89-8679-ce2b-017d-fa01961dcda3}.Debug|Any CPU.Build.0 = Debug|Any CPU
		{18196662-94f4-8a01-0e00-2fd8f1091e87}.Debug|Any CPU.ActiveCfg = Debug|Any CPU
		{18196662-94f4-8a01-0e00-2fd8f1091e87}.Debug|Any CPU.Build.0 = Debug|Any CPU
		{6563dfaf-3d34-b1ab-00e3-35908aa303b9}.Debug|Any CPU.ActiveCfg = Debug|Any CPU
		{6563dfaf-3d34-b1ab-00e3-35908aa303b9}.Debug|Any CPU.Build.0 = Debug|Any CPU
		{5054d3bd-2d82-072b-de42-84ca8de2613f}.Debug|Any CPU.ActiveCfg = Debug|Any CPU
		{5054d3bd-2d82-072b-de42-84ca8de2613f}.Debug|Any CPU.Build.0 = Debug|Any CPU
		{8f5c2ad6-8443-318c-4b03-f4c58d64276b}.Debug|Any CPU.ActiveCfg = Debug|Any CPU
		{8f5c2ad6-8443-318c-4b03-f4c58d64276b}.Debug|Any CPU.Build.0 = Debug|Any CPU
		{951b3c73-ea4d-679d-2f9a-469b5e95989d}.Debug|Any CPU.ActiveCfg = Debug|Any CPU
		{951b3c73-ea4d-679d-2f9a-469b5e95989d}.Debug|Any CPU.Build.0 = Debug|Any CPU
		{d038fd8c-8c7c-cdac-78d7-34fff4c89fae}.Debug|Any CPU.ActiveCfg = Debug|Any CPU
		{d038fd8c-8c7c-cdac-78d7-34fff4c89fae}.Debug|Any CPU.Build.0 = Debug|Any CPU
		{2ddf312c-765d-501b-31dd-b53a85421a60}.Debug|Any CPU.ActiveCfg = Debug|Any CPU
		{2ddf312c-765d-501b-31dd-b53a85421a60}.Debug|Any CPU.Build.0 = Debug|Any CPU
		{f808fd4f-73a4-2c17-332c-882211470781}.Debug|Any CPU.ActiveCfg = Debug|Any CPU
		{f808fd4f-73a4-2c17-332c-882211470781}.Debug|Any CPU.Build.0 = Debug|Any CPU
		{545fc5f0-7b91-98a7-5988-f8ce636906a3}.Debug|Any CPU.ActiveCfg = Debug|Any CPU
		{545fc5f0-7b91-98a7-5988-f8ce636906a3}.Debug|Any CPU.Build.0 = Debug|Any CPU
		{7caf49a0-bff4-5c04-eca9-eee6e58b0e78}.Debug|Any CPU.ActiveCfg = Debug|Any CPU
		{7caf49a0-bff4-5c04-eca9-eee6e58b0e78}.Debug|Any CPU.Build.0 = Debug|Any CPU
		{9990ce74-d6f0-3f24-6523-446c72d5b9bd}.Debug|Any CPU.ActiveCfg = Debug|Any CPU
		{9990ce74-d6f0-3f24-6523-446c72d5b9bd}.Debug|Any CPU.Build.0 = Debug|Any CPU
		{444e9f38-8d97-e9fc-f282-186c3a853a06}.Debug|Any CPU.ActiveCfg = Debug|Any CPU
		{444e9f38-8d97-e9fc-f282-186c3a853a06}.Debug|Any CPU.Build.0 = Debug|Any CPU
		{2550b4a5-0962-b7f5-39d0-03f37143b947}.Debug|Any CPU.ActiveCfg = Debug|Any CPU
		{2550b4a5-0962-b7f5-39d0-03f37143b947}.Debug|Any CPU.Build.0 = Debug|Any CPU
		{1fc96fd1-a08b-3af5-6b5a-7ee2ba799150}.Debug|Any CPU.ActiveCfg = Debug|Any CPU
		{1fc96fd1-a08b-3af5-6b5a-7ee2ba799150}.Debug|Any CPU.Build.0 = Debug|Any CPU
		{0477ccfa-ff00-6b98-1487-ba5a9f43d264}.Debug|Any CPU.ActiveCfg = Debug|Any CPU
		{0477ccfa-ff00-6b98-1487-ba5a9f43d264}.Debug|Any CPU.Build.0 = Debug|Any CPU
		{0cc02d56-1ad3-dfb9-ff5f-aa1e243e836e}.Debug|Any CPU.ActiveCfg = Debug|Any CPU
		{0cc02d56-1ad3-dfb9-ff5f-aa1e243e836e}.Debug|Any CPU.Build.0 = Debug|Any CPU
		{a66089af-3c7c-4a35-c1d1-0d1aea1c183e}.Debug|Any CPU.ActiveCfg = Debug|Any CPU
		{a66089af-3c7c-4a35-c1d1-0d1aea1c183e}.Debug|Any CPU.Build.0 = Debug|Any CPU
		{91c81959-e64f-6372-04ce-3e2fb2f8ab3c}.Debug|Any CPU.ActiveCfg = Debug|Any CPU
		{91c81959-e64f-6372-04ce-3e2fb2f8ab3c}.Debug|Any CPU.Build.0 = Debug|Any CPU
		{d3fe6038-9c50-1c92-e340-c17276ab5a3e}.Debug|Any CPU.ActiveCfg = Debug|Any CPU
		{d3fe6038-9c50-1c92-e340-c17276ab5a3e}.Debug|Any CPU.Build.0 = Debug|Any CPU
		{c0b8cddf-089c-96fe-e91c-d721ca12932f}.Debug|Any CPU.ActiveCfg = Debug|Any CPU
		{c0b8cddf-089c-96fe-e91c-d721ca12932f}.Debug|Any CPU.Build.0 = Debug|Any CPU
		{8b45f72e-5225-0467-0662-787b63777c02}.Debug|Any CPU.ActiveCfg = Debug|Any CPU
		{8b45f72e-5225-0467-0662-787b63777c02}.Debug|Any CPU.Build.0 = Debug|Any CPU
		{7a7f329c-4e01-0a9a-f897-b5bed590c77b}.Debug|Any CPU.ActiveCfg = Debug|Any CPU
		{7a7f329c-4e01-0a9a-f897-b5bed590c77b}.Debug|Any CPU.Build.0 = Debug|Any CPU
		{0865d08a-e8e6-cb68-445c-4029e8fa4892}.Debug|Any CPU.ActiveCfg = Debug|Any CPU
		{0865d08a-e8e6-cb68-445c-4029e8fa4892}.Debug|Any CPU.Build.0 = Debug|Any CPU
		{d81cfd59-4466-59c7-b8f7-949f93d4ca73}.Debug|Any CPU.ActiveCfg = Debug|Any CPU
		{d81cfd59-4466-59c7-b8f7-949f93d4ca73}.Debug|Any CPU.Build.0 = Debug|Any CPU
		{f156d78d-5ebd-df34-5995-856b6cc67fb5}.Debug|Any CPU.ActiveCfg = Debug|Any CPU
		{f156d78d-5ebd-df34-5995-856b6cc67fb5}.Debug|Any CPU.Build.0 = Debug|Any CPU
		{87db7c84-fb7a-022a-34b7-815bcc6dbacf}.Debug|Any CPU.ActiveCfg = Debug|Any CPU
		{87db7c84-fb7a-022a-34b7-815bcc6dbacf}.Debug|Any CPU.Build.0 = Debug|Any CPU
		{1ab58ec8-b595-b0dc-cf17-ce52860e4929}.Debug|Any CPU.ActiveCfg = Debug|Any CPU
		{1ab58ec8-b595-b0dc-cf17-ce52860e4929}.Debug|Any CPU.Build.0 = Debug|Any CPU
		{7c1929a5-46c1-2858-1709-4dd5f1ae44a9}.Debug|Any CPU.ActiveCfg = Debug|Any CPU
		{7c1929a5-46c1-2858-1709-4dd5f1ae44a9}.Debug|Any CPU.Build.0 = Debug|Any CPU
		{60fa6b9a-d7f9-f1ba-3f8c-15cf59235c39}.Debug|Any CPU.ActiveCfg = Debug|Any CPU
		{60fa6b9a-d7f9-f1ba-3f8c-15cf59235c39}.Debug|Any CPU.Build.0 = Debug|Any CPU
	EndGlobalSection
	GlobalSection(SolutionProperties) = preSolution
		HideSolutionNode = FALSE
	EndGlobalSection
EndGlobal
